// !$*UTF8*$!
{
	archiveVersion = 1;
	classes = {
	};
	objectVersion = 46;
	objects = {

/* Begin PBXBuildFile section */
		3B277B321CF4D5EC00C62EF1 /* AppDelegate.swift in Sources */ = {isa = PBXBuildFile; fileRef = 3B277B311CF4D5EC00C62EF1 /* AppDelegate.swift */; };
		3B277B341CF4D5EC00C62EF1 /* TrainingViewController.swift in Sources */ = {isa = PBXBuildFile; fileRef = 3B277B331CF4D5EC00C62EF1 /* TrainingViewController.swift */; };
		3B277B361CF4D5EC00C62EF1 /* StatisticsViewController.swift in Sources */ = {isa = PBXBuildFile; fileRef = 3B277B351CF4D5EC00C62EF1 /* StatisticsViewController.swift */; };
		3B277B391CF4D5EC00C62EF1 /* Main.storyboard in Resources */ = {isa = PBXBuildFile; fileRef = 3B277B371CF4D5EC00C62EF1 /* Main.storyboard */; };
		3B277B3B1CF4D5EC00C62EF1 /* Assets.xcassets in Resources */ = {isa = PBXBuildFile; fileRef = 3B277B3A1CF4D5EC00C62EF1 /* Assets.xcassets */; };
		3B277B3E1CF4D5EC00C62EF1 /* LaunchScreen.storyboard in Resources */ = {isa = PBXBuildFile; fileRef = 3B277B3C1CF4D5EC00C62EF1 /* LaunchScreen.storyboard */; };
		3B277B461CF4D63800C62EF1 /* SettingsViewController.swift in Sources */ = {isa = PBXBuildFile; fileRef = 3B277B451CF4D63800C62EF1 /* SettingsViewController.swift */; };
		3B277B4A1CF4DA4C00C62EF1 /* Day.swift in Sources */ = {isa = PBXBuildFile; fileRef = 3B277B471CF4DA4C00C62EF1 /* Day.swift */; };
		3B277B4B1CF4DA4C00C62EF1 /* Exercise.swift in Sources */ = {isa = PBXBuildFile; fileRef = 3B277B481CF4DA4C00C62EF1 /* Exercise.swift */; };
		3B277B4C1CF4DA4C00C62EF1 /* ProgramManager.swift in Sources */ = {isa = PBXBuildFile; fileRef = 3B277B491CF4DA4C00C62EF1 /* ProgramManager.swift */; };
		3B277B551CF4DEFF00C62EF1 /* TrainingDayTableViewCell.swift in Sources */ = {isa = PBXBuildFile; fileRef = 3B277B541CF4DEFF00C62EF1 /* TrainingDayTableViewCell.swift */; };
		3B277B591CF4E4CB00C62EF1 /* TrainingDayTableViewController.swift in Sources */ = {isa = PBXBuildFile; fileRef = 3B277B581CF4E4CB00C62EF1 /* TrainingDayTableViewController.swift */; };
		3B4A42B41D1EDBFA00943DB0 /* TrainingDayViewController.swift in Sources */ = {isa = PBXBuildFile; fileRef = 3B4A42B31D1EDBFA00943DB0 /* TrainingDayViewController.swift */; };
/* End PBXBuildFile section */

/* Begin PBXFileReference section */
		3B277B2E1CF4D5EC00C62EF1 /* BeastMode.app */ = {isa = PBXFileReference; explicitFileType = wrapper.application; includeInIndex = 0; path = BeastMode.app; sourceTree = BUILT_PRODUCTS_DIR; };
		3B277B311CF4D5EC00C62EF1 /* AppDelegate.swift */ = {isa = PBXFileReference; lastKnownFileType = sourcecode.swift; path = AppDelegate.swift; sourceTree = "<group>"; };
		3B277B331CF4D5EC00C62EF1 /* TrainingViewController.swift */ = {isa = PBXFileReference; lastKnownFileType = sourcecode.swift; path = TrainingViewController.swift; sourceTree = "<group>"; };
		3B277B351CF4D5EC00C62EF1 /* StatisticsViewController.swift */ = {isa = PBXFileReference; lastKnownFileType = sourcecode.swift; path = StatisticsViewController.swift; sourceTree = "<group>"; };
		3B277B381CF4D5EC00C62EF1 /* Base */ = {isa = PBXFileReference; lastKnownFileType = file.storyboard; name = Base; path = Base.lproj/Main.storyboard; sourceTree = "<group>"; };
		3B277B3A1CF4D5EC00C62EF1 /* Assets.xcassets */ = {isa = PBXFileReference; lastKnownFileType = folder.assetcatalog; path = Assets.xcassets; sourceTree = "<group>"; };
		3B277B3D1CF4D5EC00C62EF1 /* Base */ = {isa = PBXFileReference; lastKnownFileType = file.storyboard; name = Base; path = Base.lproj/LaunchScreen.storyboard; sourceTree = "<group>"; };
		3B277B3F1CF4D5EC00C62EF1 /* Info.plist */ = {isa = PBXFileReference; lastKnownFileType = text.plist.xml; path = Info.plist; sourceTree = "<group>"; };
		3B277B451CF4D63800C62EF1 /* SettingsViewController.swift */ = {isa = PBXFileReference; fileEncoding = 4; lastKnownFileType = sourcecode.swift; path = SettingsViewController.swift; sourceTree = "<group>"; };
		3B277B471CF4DA4C00C62EF1 /* Day.swift */ = {isa = PBXFileReference; fileEncoding = 4; lastKnownFileType = sourcecode.swift; path = Day.swift; sourceTree = "<group>"; };
		3B277B481CF4DA4C00C62EF1 /* Exercise.swift */ = {isa = PBXFileReference; fileEncoding = 4; lastKnownFileType = sourcecode.swift; path = Exercise.swift; sourceTree = "<group>"; };
		3B277B491CF4DA4C00C62EF1 /* ProgramManager.swift */ = {isa = PBXFileReference; fileEncoding = 4; lastKnownFileType = sourcecode.swift; path = ProgramManager.swift; sourceTree = "<group>"; };
		3B277B541CF4DEFF00C62EF1 /* TrainingDayTableViewCell.swift */ = {isa = PBXFileReference; fileEncoding = 4; lastKnownFileType = sourcecode.swift; path = TrainingDayTableViewCell.swift; sourceTree = "<group>"; };
		3B277B581CF4E4CB00C62EF1 /* TrainingDayTableViewController.swift */ = {isa = PBXFileReference; fileEncoding = 4; lastKnownFileType = sourcecode.swift; path = TrainingDayTableViewController.swift; sourceTree = "<group>"; };
		3B4A42B31D1EDBFA00943DB0 /* TrainingDayViewController.swift */ = {isa = PBXFileReference; fileEncoding = 4; lastKnownFileType = sourcecode.swift; path = TrainingDayViewController.swift; sourceTree = "<group>"; };
/* End PBXFileReference section */

/* Begin PBXFrameworksBuildPhase section */
		3B277B2B1CF4D5EC00C62EF1 /* Frameworks */ = {
			isa = PBXFrameworksBuildPhase;
			buildActionMask = 2147483647;
			files = (
			);
			runOnlyForDeploymentPostprocessing = 0;
		};
/* End PBXFrameworksBuildPhase section */

/* Begin PBXGroup section */
		3B277B251CF4D5EC00C62EF1 = {
			isa = PBXGroup;
			children = (
				3B277B301CF4D5EC00C62EF1 /* BeastMode */,
				3B277B2F1CF4D5EC00C62EF1 /* Products */,
			);
			sourceTree = "<group>";
		};
		3B277B2F1CF4D5EC00C62EF1 /* Products */ = {
			isa = PBXGroup;
			children = (
				3B277B2E1CF4D5EC00C62EF1 /* BeastMode.app */,
			);
			name = Products;
			sourceTree = "<group>";
		};
		3B277B301CF4D5EC00C62EF1 /* BeastMode */ = {
			isa = PBXGroup;
			children = (
				3B277B4D1CF4DA5900C62EF1 /* Model */,
				3B277B541CF4DEFF00C62EF1 /* TrainingDayTableViewCell.swift */,
				3B4A42B31D1EDBFA00943DB0 /* TrainingDayViewController.swift */,
				3B277B331CF4D5EC00C62EF1 /* TrainingViewController.swift */,
				3B277B351CF4D5EC00C62EF1 /* StatisticsViewController.swift */,
				3B277B451CF4D63800C62EF1 /* SettingsViewController.swift */,
				3B277B311CF4D5EC00C62EF1 /* AppDelegate.swift */,
				3B277B371CF4D5EC00C62EF1 /* Main.storyboard */,
				3B277B3A1CF4D5EC00C62EF1 /* Assets.xcassets */,
				3B277B3C1CF4D5EC00C62EF1 /* LaunchScreen.storyboard */,
				3B277B3F1CF4D5EC00C62EF1 /* Info.plist */,
				3B277B581CF4E4CB00C62EF1 /* TrainingDayTableViewController.swift */,
			);
			path = BeastMode;
			sourceTree = "<group>";
		};
		3B277B4D1CF4DA5900C62EF1 /* Model */ = {
			isa = PBXGroup;
			children = (
				3B277B471CF4DA4C00C62EF1 /* Day.swift */,
				3B277B481CF4DA4C00C62EF1 /* Exercise.swift */,
				3B277B491CF4DA4C00C62EF1 /* ProgramManager.swift */,
			);
			name = Model;
			sourceTree = "<group>";
		};
/* End PBXGroup section */

/* Begin PBXNativeTarget section */
		3B277B2D1CF4D5EC00C62EF1 /* BeastMode */ = {
			isa = PBXNativeTarget;
			buildConfigurationList = 3B277B421CF4D5EC00C62EF1 /* Build configuration list for PBXNativeTarget "BeastMode" */;
			buildPhases = (
				3B277B2A1CF4D5EC00C62EF1 /* Sources */,
				3B277B2B1CF4D5EC00C62EF1 /* Frameworks */,
				3B277B2C1CF4D5EC00C62EF1 /* Resources */,
			);
			buildRules = (
			);
			dependencies = (
			);
			name = BeastMode;
			productName = BeastMode;
			productReference = 3B277B2E1CF4D5EC00C62EF1 /* BeastMode.app */;
			productType = "com.apple.product-type.application";
		};
/* End PBXNativeTarget section */

/* Begin PBXProject section */
		3B277B261CF4D5EC00C62EF1 /* Project object */ = {
			isa = PBXProject;
			attributes = {
				LastSwiftUpdateCheck = 0720;
				LastUpgradeCheck = 0720;
				ORGANIZATIONNAME = "Jan Inge Husby";
				TargetAttributes = {
					3B277B2D1CF4D5EC00C62EF1 = {
						CreatedOnToolsVersion = 7.2.1;
						DevelopmentTeam = YL936Y4TLL;
					};
				};
			};
			buildConfigurationList = 3B277B291CF4D5EC00C62EF1 /* Build configuration list for PBXProject "BeastMode" */;
			compatibilityVersion = "Xcode 3.2";
			developmentRegion = English;
			hasScannedForEncodings = 0;
			knownRegions = (
				en,
				Base,
			);
			mainGroup = 3B277B251CF4D5EC00C62EF1;
			productRefGroup = 3B277B2F1CF4D5EC00C62EF1 /* Products */;
			projectDirPath = "";
			projectRoot = "";
			targets = (
				3B277B2D1CF4D5EC00C62EF1 /* BeastMode */,
			);
		};
/* End PBXProject section */

/* Begin PBXResourcesBuildPhase section */
		3B277B2C1CF4D5EC00C62EF1 /* Resources */ = {
			isa = PBXResourcesBuildPhase;
			buildActionMask = 2147483647;
			files = (
				3B277B3E1CF4D5EC00C62EF1 /* LaunchScreen.storyboard in Resources */,
				3B277B3B1CF4D5EC00C62EF1 /* Assets.xcassets in Resources */,
				3B277B391CF4D5EC00C62EF1 /* Main.storyboard in Resources */,
			);
			runOnlyForDeploymentPostprocessing = 0;
		};
/* End PBXResourcesBuildPhase section */

/* Begin PBXSourcesBuildPhase section */
		3B277B2A1CF4D5EC00C62EF1 /* Sources */ = {
			isa = PBXSourcesBuildPhase;
			buildActionMask = 2147483647;
			files = (
				3B277B591CF4E4CB00C62EF1 /* TrainingDayTableViewController.swift in Sources */,
				3B277B361CF4D5EC00C62EF1 /* StatisticsViewController.swift in Sources */,
				3B277B321CF4D5EC00C62EF1 /* AppDelegate.swift in Sources */,
				3B277B341CF4D5EC00C62EF1 /* TrainingViewController.swift in Sources */,
				3B277B4A1CF4DA4C00C62EF1 /* Day.swift in Sources */,
				3B277B461CF4D63800C62EF1 /* SettingsViewController.swift in Sources */,
				3B277B4B1CF4DA4C00C62EF1 /* Exercise.swift in Sources */,
				3B4A42B41D1EDBFA00943DB0 /* TrainingDayViewController.swift in Sources */,
				3B277B551CF4DEFF00C62EF1 /* TrainingDayTableViewCell.swift in Sources */,
				3B277B4C1CF4DA4C00C62EF1 /* ProgramManager.swift in Sources */,
			);
			runOnlyForDeploymentPostprocessing = 0;
		};
/* End PBXSourcesBuildPhase section */

/* Begin PBXVariantGroup section */
		3B277B371CF4D5EC00C62EF1 /* Main.storyboard */ = {
			isa = PBXVariantGroup;
			children = (
				3B277B381CF4D5EC00C62EF1 /* Base */,
			);
			name = Main.storyboard;
			sourceTree = "<group>";
		};
		3B277B3C1CF4D5EC00C62EF1 /* LaunchScreen.storyboard */ = {
			isa = PBXVariantGroup;
			children = (
				3B277B3D1CF4D5EC00C62EF1 /* Base */,
			);
			name = LaunchScreen.storyboard;
			sourceTree = "<group>";
		};
/* End PBXVariantGroup section */

/* Begin XCBuildConfiguration section */
		3B277B401CF4D5EC00C62EF1 /* Debug */ = {
			isa = XCBuildConfiguration;
			buildSettings = {
				ALWAYS_SEARCH_USER_PATHS = NO;
				CLANG_CXX_LANGUAGE_STANDARD = "gnu++0x";
				CLANG_CXX_LIBRARY = "libc++";
				CLANG_ENABLE_MODULES = YES;
				CLANG_ENABLE_OBJC_ARC = YES;
				CLANG_WARN_BOOL_CONVERSION = YES;
				CLANG_WARN_CONSTANT_CONVERSION = YES;
				CLANG_WARN_DIRECT_OBJC_ISA_USAGE = YES_ERROR;
				CLANG_WARN_EMPTY_BODY = YES;
				CLANG_WARN_ENUM_CONVERSION = YES;
				CLANG_WARN_INT_CONVERSION = YES;
				CLANG_WARN_OBJC_ROOT_CLASS = YES_ERROR;
				CLANG_WARN_UNREACHABLE_CODE = YES;
				CLANG_WARN__DUPLICATE_METHOD_MATCH = YES;
				"CODE_SIGN_IDENTITY[sdk=iphoneos*]" = "iPhone Developer";
				COPY_PHASE_STRIP = NO;
				DEBUG_INFORMATION_FORMAT = dwarf;
				ENABLE_STRICT_OBJC_MSGSEND = YES;
				ENABLE_TESTABILITY = YES;
				GCC_C_LANGUAGE_STANDARD = gnu99;
				GCC_DYNAMIC_NO_PIC = NO;
				GCC_NO_COMMON_BLOCKS = YES;
				GCC_OPTIMIZATION_LEVEL = 0;
				GCC_PREPROCESSOR_DEFINITIONS = (
					"DEBUG=1",
					"$(inherited)",
				);
				GCC_WARN_64_TO_32_BIT_CONVERSION = YES;
				GCC_WARN_ABOUT_RETURN_TYPE = YES_ERROR;
				GCC_WARN_UNDECLARED_SELECTOR = YES;
				GCC_WARN_UNINITIALIZED_AUTOS = YES_AGGRESSIVE;
				GCC_WARN_UNUSED_FUNCTION = YES;
				GCC_WARN_UNUSED_VARIABLE = YES;
				IPHONEOS_DEPLOYMENT_TARGET = 9.2;
				MTL_ENABLE_DEBUG_INFO = YES;
				ONLY_ACTIVE_ARCH = YES;
				SDKROOT = iphoneos;
				SWIFT_OPTIMIZATION_LEVEL = "-Onone";
			};
			name = Debug;
		};
		3B277B411CF4D5EC00C62EF1 /* Release */ = {
			isa = XCBuildConfiguration;
			buildSettings = {
				ALWAYS_SEARCH_USER_PATHS = NO;
				CLANG_CXX_LANGUAGE_STANDARD = "gnu++0x";
				CLANG_CXX_LIBRARY = "libc++";
				CLANG_ENABLE_MODULES = YES;
				CLANG_ENABLE_OBJC_ARC = YES;
				CLANG_WARN_BOOL_CONVERSION = YES;
				CLANG_WARN_CONSTANT_CONVERSION = YES;
				CLANG_WARN_DIRECT_OBJC_ISA_USAGE = YES_ERROR;
				CLANG_WARN_EMPTY_BODY = YES;
				CLANG_WARN_ENUM_CONVERSION = YES;
				CLANG_WARN_INT_CONVERSION = YES;
				CLANG_WARN_OBJC_ROOT_CLASS = YES_ERROR;
				CLANG_WARN_UNREACHABLE_CODE = YES;
				CLANG_WARN__DUPLICATE_METHOD_MATCH = YES;
				"CODE_SIGN_IDENTITY[sdk=iphoneos*]" = "iPhone Developer";
				COPY_PHASE_STRIP = NO;
				DEBUG_INFORMATION_FORMAT = "dwarf-with-dsym";
				ENABLE_NS_ASSERTIONS = NO;
				ENABLE_STRICT_OBJC_MSGSEND = YES;
				GCC_C_LANGUAGE_STANDARD = gnu99;
				GCC_NO_COMMON_BLOCKS = YES;
				GCC_WARN_64_TO_32_BIT_CONVERSION = YES;
				GCC_WARN_ABOUT_RETURN_TYPE = YES_ERROR;
				GCC_WARN_UNDECLARED_SELECTOR = YES;
				GCC_WARN_UNINITIALIZED_AUTOS = YES_AGGRESSIVE;
				GCC_WARN_UNUSED_FUNCTION = YES;
				GCC_WARN_UNUSED_VARIABLE = YES;
				IPHONEOS_DEPLOYMENT_TARGET = 9.2;
				MTL_ENABLE_DEBUG_INFO = NO;
				SDKROOT = iphoneos;
				VALIDATE_PRODUCT = YES;
			};
			name = Release;
		};
		3B277B431CF4D5EC00C62EF1 /* Debug */ = {
			isa = XCBuildConfiguration;
			buildSettings = {
				ASSETCATALOG_COMPILER_APPICON_NAME = AppIcon;
				CODE_SIGN_IDENTITY = "iPhone Developer";
				"CODE_SIGN_IDENTITY[sdk=iphoneos*]" = "iPhone Developer";
				INFOPLIST_FILE = BeastMode/Info.plist;
				LD_RUNPATH_SEARCH_PATHS = "$(inherited) @executable_path/Frameworks";
				PRODUCT_BUNDLE_IDENTIFIER = no.husby.BeastMode;
				PRODUCT_NAME = "$(TARGET_NAME)";
				PROVISIONING_PROFILE = "";
			};
			name = Debug;
		};
		3B277B441CF4D5EC00C62EF1 /* Release */ = {
			isa = XCBuildConfiguration;
			buildSettings = {
				ASSETCATALOG_COMPILER_APPICON_NAME = AppIcon;
				CODE_SIGN_IDENTITY = "iPhone Developer";
				"CODE_SIGN_IDENTITY[sdk=iphoneos*]" = "iPhone Developer";
				INFOPLIST_FILE = BeastMode/Info.plist;
				LD_RUNPATH_SEARCH_PATHS = "$(inherited) @executable_path/Frameworks";
				PRODUCT_BUNDLE_IDENTIFIER = no.husby.BeastMode;
				PRODUCT_NAME = "$(TARGET_NAME)";
				PROVISIONING_PROFILE = "";
			};
			name = Release;
		};
/* End XCBuildConfiguration section */

/* Begin XCConfigurationList section */
		3B277B291CF4D5EC00C62EF1 /* Build configuration list for PBXProject "BeastMode" */ = {
			isa = XCConfigurationList;
			buildConfigurations = (
				3B277B401CF4D5EC00C62EF1 /* Debug */,
				3B277B411CF4D5EC00C62EF1 /* Release */,
			);
			defaultConfigurationIsVisible = 0;
			defaultConfigurationName = Release;
		};
		3B277B421CF4D5EC00C62EF1 /* Build configuration list for PBXNativeTarget "BeastMode" */ = {
			isa = XCConfigurationList;
			buildConfigurations = (
				3B277B431CF4D5EC00C62EF1 /* Debug */,
				3B277B441CF4D5EC00C62EF1 /* Release */,
			);
			defaultConfigurationIsVisible = 0;
			defaultConfigurationName = Release;
		};
/* End XCConfigurationList section */
	};
	rootObject = 3B277B261CF4D5EC00C62EF1 /* Project object */;
}
